
Microsoft Visual Studio Solution File, Format Version 11.00
# Visual Studio 2010
Project("{E24C65DC-7377-472B-9ABA-BC803B73C61A}") = "restaurant", "restaurant\", "{11F5BE46-2429-4BA4-8423-000A763EAC13}"
	ProjectSection(WebsiteProperties) = preProject
		TargetFrameworkMoniker = ".NETFramework,Version%3Dv4.0"
		Debug.AspNetCompiler.VirtualPath = "/restaurant"
		Debug.AspNetCompiler.PhysicalPath = "restaurant\"
		Debug.AspNetCompiler.TargetPath = "PrecompiledWeb\restaurant\"
		Debug.AspNetCompiler.Updateable = "true"
		Debug.AspNetCompiler.ForceOverwrite = "true"
		Debug.AspNetCompiler.FixedNames = "false"
		Debug.AspNetCompiler.Debug = "True"
		Release.AspNetCompiler.VirtualPath = "/restaurant"
		Release.AspNetCompiler.PhysicalPath = "restaurant\"
		Release.AspNetCompiler.TargetPath = "PrecompiledWeb\restaurant\"
		Release.AspNetCompiler.Updateable = "true"
		Release.AspNetCompiler.ForceOverwrite = "true"
		Release.AspNetCompiler.FixedNames = "false"
		Release.AspNetCompiler.Debug = "False"
		DefaultWebSiteLanguage = "Visual C#"
	EndProjectSection
EndProject
Project("{E24C65DC-7377-472B-9ABA-BC803B73C61A}") = "Bingo.com", "Bingo.com\", "{1CB0145B-0AC6-44C2-A963-7C13EE4BD0F5}"
	ProjectSection(WebsiteProperties) = preProject
		TargetFrameworkMoniker = ".NETFramework,Version%3Dv4.0"
		Debug.AspNetCompiler.VirtualPath = "/Bingo.com"
		Debug.AspNetCompiler.PhysicalPath = "Bingo.com\"
		Debug.AspNetCompiler.TargetPath = "PrecompiledWeb\Bingo.com\"
		Debug.AspNetCompiler.Updateable = "true"
		Debug.AspNetCompiler.ForceOverwrite = "true"
		Debug.AspNetCompiler.FixedNames = "false"
		Debug.AspNetCompiler.Debug = "True"
		Release.AspNetCompiler.VirtualPath = "/Bingo.com"
		Release.AspNetCompiler.PhysicalPath = "Bingo.com\"
		Release.AspNetCompiler.TargetPath = "PrecompiledWeb\Bingo.com\"
		Release.AspNetCompiler.Updateable = "true"
		Release.AspNetCompiler.ForceOverwrite = "true"
		Release.AspNetCompiler.FixedNames = "false"
		Release.AspNetCompiler.Debug = "False"
		DefaultWebSiteLanguage = "Visual C#"
	EndProjectSection
EndProject
Project("{E24C65DC-7377-472B-9ABA-BC803B73C61A}") = "html5demo", "html5demo\", "{073015E1-1B3F-4E5A-B5D7-A59B00C95065}"
	ProjectSection(WebsiteProperties) = preProject
		TargetFrameworkMoniker = ".NETFramework,Version%3Dv4.0"
		ProjectReferences = "{F1867326-9536-4EA2-A3D7-81845955129D}|CommonLibrary.dll;"
		Debug.AspNetCompiler.VirtualPath = "/html5demo"
		Debug.AspNetCompiler.PhysicalPath = "html5demo\"
		Debug.AspNetCompiler.TargetPath = "PrecompiledWeb\html5demo\"
		Debug.AspNetCompiler.Updateable = "true"
		Debug.AspNetCompiler.ForceOverwrite = "true"
		Debug.AspNetCompiler.FixedNames = "false"
		Debug.AspNetCompiler.Debug = "True"
		Release.AspNetCompiler.VirtualPath = "/html5demo"
		Release.AspNetCompiler.PhysicalPath = "html5demo\"
		Release.AspNetCompiler.TargetPath = "PrecompiledWeb\html5demo\"
		Release.AspNetCompiler.Updateable = "true"
		Release.AspNetCompiler.ForceOverwrite = "true"
		Release.AspNetCompiler.FixedNames = "false"
		Release.AspNetCompiler.Debug = "False"
		VWDPort = "14973"
		DefaultWebSiteLanguage = "Visual C#"
	EndProjectSection
EndProject
Project("{FAE04EC0-301F-11D3-BF4B-00C04F79EFBC}") = "CommonLibrary", "CommonLibrary\CommonLibrary.csproj", "{F1867326-9536-4EA2-A3D7-81845955129D}"
EndProject
Project("{FAE04EC0-301F-11D3-BF4B-00C04F79EFBC}") = "DBUtility", "DBUtility\DBUtility.csproj", "{2E0130AF-E5B4-4353-AC5B-6801DC38F8E2}"
EndProject
Project("{E24C65DC-7377-472B-9ABA-BC803B73C61A}") = "m-signum", "m-signum\", "{17A57455-C3F8-4F6A-B28B-645DA7020BA0}"
	ProjectSection(WebsiteProperties) = preProject
		TargetFrameworkMoniker = ".NETFramework,Version%3Dv4.0"
		Debug.AspNetCompiler.VirtualPath = "/m-signum"
		Debug.AspNetCompiler.PhysicalPath = "m-signum\"
		Debug.AspNetCompiler.TargetPath = "PrecompiledWeb\m-signum\"
		Debug.AspNetCompiler.Updateable = "true"
		Debug.AspNetCompiler.ForceOverwrite = "true"
		Debug.AspNetCompiler.FixedNames = "false"
		Debug.AspNetCompiler.Debug = "True"
		Release.AspNetCompiler.VirtualPath = "/m-signum"
		Release.AspNetCompiler.PhysicalPath = "m-signum\"
		Release.AspNetCompiler.TargetPath = "PrecompiledWeb\m-signum\"
		Release.AspNetCompiler.Updateable = "true"
		Release.AspNetCompiler.ForceOverwrite = "true"
		Release.AspNetCompiler.FixedNames = "false"
		Release.AspNetCompiler.Debug = "False"
		DefaultWebSiteLanguage = "Visual C#"
	EndProjectSection
EndProject
Project("{E24C65DC-7377-472B-9ABA-BC803B73C61A}") = "m-breathe", "m-breathe\", "{6A249B66-3865-489C-9388-758C83EAAB74}"
	ProjectSection(WebsiteProperties) = preProject
		TargetFrameworkMoniker = ".NETFramework,Version%3Dv4.0"
		Debug.AspNetCompiler.VirtualPath = "/m-breathe"
		Debug.AspNetCompiler.PhysicalPath = "m-breathe\"
		Debug.AspNetCompiler.TargetPath = "PrecompiledWeb\m-breathe\"
		Debug.AspNetCompiler.Updateable = "true"
		Debug.AspNetCompiler.ForceOverwrite = "true"
		Debug.AspNetCompiler.FixedNames = "false"
		Debug.AspNetCompiler.Debug = "True"
		Release.AspNetCompiler.VirtualPath = "/m-breathe"
		Release.AspNetCompiler.PhysicalPath = "m-breathe\"
		Release.AspNetCompiler.TargetPath = "PrecompiledWeb\m-breathe\"
		Release.AspNetCompiler.Updateable = "true"
		Release.AspNetCompiler.ForceOverwrite = "true"
		Release.AspNetCompiler.FixedNames = "false"
		Release.AspNetCompiler.Debug = "False"
		DefaultWebSiteLanguage = "Visual C#"
	EndProjectSection
EndProject
Project("{E24C65DC-7377-472B-9ABA-BC803B73C61A}") = "m-dossier", "m-dossier\", "{06FD6B9A-8C25-40A2-8955-8C86F269B75E}"
	ProjectSection(WebsiteProperties) = preProject
		TargetFrameworkMoniker = ".NETFramework,Version%3Dv4.0"
		Debug.AspNetCompiler.VirtualPath = "/m-dossier"
		Debug.AspNetCompiler.PhysicalPath = "m-dossier\"
		Debug.AspNetCompiler.TargetPath = "PrecompiledWeb\m-dossier\"
		Debug.AspNetCompiler.Updateable = "true"
		Debug.AspNetCompiler.ForceOverwrite = "true"
		Debug.AspNetCompiler.FixedNames = "false"
		Debug.AspNetCompiler.Debug = "True"
		Release.AspNetCompiler.VirtualPath = "/m-dossier"
		Release.AspNetCompiler.PhysicalPath = "m-dossier\"
		Release.AspNetCompiler.TargetPath = "PrecompiledWeb\m-dossier\"
		Release.AspNetCompiler.Updateable = "true"
		Release.AspNetCompiler.ForceOverwrite = "true"
		Release.AspNetCompiler.FixedNames = "false"
		Release.AspNetCompiler.Debug = "False"
		VWDPort = "3434"
		DefaultWebSiteLanguage = "Visual C#"
	EndProjectSection
EndProject
Project("{E24C65DC-7377-472B-9ABA-BC803B73C61A}") = "m-dotmobi", "m-dotmobi\", "{0C84C52F-6031-461B-B0FF-6B37EAFAAD06}"
	ProjectSection(WebsiteProperties) = preProject
		TargetFrameworkMoniker = ".NETFramework,Version%3Dv4.0"
		Debug.AspNetCompiler.VirtualPath = "/m-dotmobi"
		Debug.AspNetCompiler.PhysicalPath = "m-dotmobi\"
		Debug.AspNetCompiler.TargetPath = "PrecompiledWeb\m-dotmobi\"
		Debug.AspNetCompiler.Updateable = "true"
		Debug.AspNetCompiler.ForceOverwrite = "true"
		Debug.AspNetCompiler.FixedNames = "false"
		Debug.AspNetCompiler.Debug = "True"
		Release.AspNetCompiler.VirtualPath = "/m-dotmobi"
		Release.AspNetCompiler.PhysicalPath = "m-dotmobi\"
		Release.AspNetCompiler.TargetPath = "PrecompiledWeb\m-dotmobi\"
		Release.AspNetCompiler.Updateable = "true"
		Release.AspNetCompiler.ForceOverwrite = "true"
		Release.AspNetCompiler.FixedNames = "false"
		Release.AspNetCompiler.Debug = "False"
		VWDPort = "3435"
		DefaultWebSiteLanguage = "Visual C#"
	EndProjectSection
EndProject
Project("{E24C65DC-7377-472B-9ABA-BC803B73C61A}") = "m-galaxy", "m-galaxy\", "{3B6A04C0-DF38-417E-8FD3-D8081D30E97D}"
	ProjectSection(WebsiteProperties) = preProject
		TargetFrameworkMoniker = ".NETFramework,Version%3Dv4.0"
		Debug.AspNetCompiler.VirtualPath = "/m-galaxy"
		Debug.AspNetCompiler.PhysicalPath = "m-galaxy\"
		Debug.AspNetCompiler.TargetPath = "PrecompiledWeb\m-galaxy\"
		Debug.AspNetCompiler.Updateable = "true"
		Debug.AspNetCompiler.ForceOverwrite = "true"
		Debug.AspNetCompiler.FixedNames = "false"
		Debug.AspNetCompiler.Debug = "True"
		Release.AspNetCompiler.VirtualPath = "/m-galaxy"
		Release.AspNetCompiler.PhysicalPath = "m-galaxy\"
		Release.AspNetCompiler.TargetPath = "PrecompiledWeb\m-galaxy\"
		Release.AspNetCompiler.Updateable = "true"
		Release.AspNetCompiler.ForceOverwrite = "true"
		Release.AspNetCompiler.FixedNames = "false"
		Release.AspNetCompiler.Debug = "False"
		VWDPort = "41583"
		DefaultWebSiteLanguage = "Visual C#"
	EndProjectSection
EndProject
Project("{E24C65DC-7377-472B-9ABA-BC803B73C61A}") = "m-galaxy2", "m-galaxy2\", "{B6450233-AAD5-4027-8455-B23CFE65F601}"
	ProjectSection(WebsiteProperties) = preProject
		TargetFrameworkMoniker = ".NETFramework,Version%3Dv4.0"
		Debug.AspNetCompiler.VirtualPath = "/m-galaxy2"
		Debug.AspNetCompiler.PhysicalPath = "m-galaxy2\"
		Debug.AspNetCompiler.TargetPath = "PrecompiledWeb\m-galaxy2\"
		Debug.AspNetCompiler.Updateable = "true"
		Debug.AspNetCompiler.ForceOverwrite = "true"
		Debug.AspNetCompiler.FixedNames = "false"
		Debug.AspNetCompiler.Debug = "True"
		Release.AspNetCompiler.VirtualPath = "/m-galaxy2"
		Release.AspNetCompiler.PhysicalPath = "m-galaxy2\"
		Release.AspNetCompiler.TargetPath = "PrecompiledWeb\m-galaxy2\"
		Release.AspNetCompiler.Updateable = "true"
		Release.AspNetCompiler.ForceOverwrite = "true"
		Release.AspNetCompiler.FixedNames = "false"
		Release.AspNetCompiler.Debug = "False"
		VWDPort = "41662"
		DefaultWebSiteLanguage = "Visual C#"
	EndProjectSection
EndProject
Project("{E24C65DC-7377-472B-9ABA-BC803B73C61A}") = "m-busi", "m-busi\", "{33BF7C31-FAA0-4C69-BE97-47D7D74D713E}"
	ProjectSection(WebsiteProperties) = preProject
		TargetFrameworkMoniker = ".NETFramework,Version%3Dv4.0"
		Debug.AspNetCompiler.VirtualPath = "/m-busi"
		Debug.AspNetCompiler.PhysicalPath = "m-busi\"
		Debug.AspNetCompiler.TargetPath = "PrecompiledWeb\m-busi\"
		Debug.AspNetCompiler.Updateable = "true"
		Debug.AspNetCompiler.ForceOverwrite = "true"
		Debug.AspNetCompiler.FixedNames = "false"
		Debug.AspNetCompiler.Debug = "True"
		Release.AspNetCompiler.VirtualPath = "/m-busi"
		Release.AspNetCompiler.PhysicalPath = "m-busi\"
		Release.AspNetCompiler.TargetPath = "PrecompiledWeb\m-busi\"
		Release.AspNetCompiler.Updateable = "true"
		Release.AspNetCompiler.ForceOverwrite = "true"
		Release.AspNetCompiler.FixedNames = "false"
		Release.AspNetCompiler.Debug = "False"
		VWDPort = "15313"
		DefaultWebSiteLanguage = "Visual C#"
	EndProjectSection
EndProject
Project("{E24C65DC-7377-472B-9ABA-BC803B73C61A}") = "m-busi2", "m-busi2\", "{435A326F-CAFA-4530-9C6D-A8C05A9CF602}"
	ProjectSection(WebsiteProperties) = preProject
		TargetFrameworkMoniker = ".NETFramework,Version%3Dv4.0"
		Debug.AspNetCompiler.VirtualPath = "/m-busi2"
		Debug.AspNetCompiler.PhysicalPath = "m-busi2\"
		Debug.AspNetCompiler.TargetPath = "PrecompiledWeb\m-busi2\"
		Debug.AspNetCompiler.Updateable = "true"
		Debug.AspNetCompiler.ForceOverwrite = "true"
		Debug.AspNetCompiler.FixedNames = "false"
		Debug.AspNetCompiler.Debug = "True"
		Release.AspNetCompiler.VirtualPath = "/m-busi2"
		Release.AspNetCompiler.PhysicalPath = "m-busi2\"
		Release.AspNetCompiler.TargetPath = "PrecompiledWeb\m-busi2\"
		Release.AspNetCompiler.Updateable = "true"
		Release.AspNetCompiler.ForceOverwrite = "true"
		Release.AspNetCompiler.FixedNames = "false"
		Release.AspNetCompiler.Debug = "False"
		VWDPort = "15643"
		DefaultWebSiteLanguage = "Visual C#"
	EndProjectSection
EndProject
Project("{E24C65DC-7377-472B-9ABA-BC803B73C61A}") = "m-busi3", "m-busi3\", "{81F5BD78-77A7-4F13-ABC7-F5729EE25E21}"
	ProjectSection(WebsiteProperties) = preProject
		TargetFrameworkMoniker = ".NETFramework,Version%3Dv4.0"
		Debug.AspNetCompiler.VirtualPath = "/m-busi3"
		Debug.AspNetCompiler.PhysicalPath = "m-busi3\"
		Debug.AspNetCompiler.TargetPath = "PrecompiledWeb\m-busi3\"
		Debug.AspNetCompiler.Updateable = "true"
		Debug.AspNetCompiler.ForceOverwrite = "true"
		Debug.AspNetCompiler.FixedNames = "false"
		Debug.AspNetCompiler.Debug = "True"
		Release.AspNetCompiler.VirtualPath = "/m-busi3"
		Release.AspNetCompiler.PhysicalPath = "m-busi3\"
		Release.AspNetCompiler.TargetPath = "PrecompiledWeb\m-busi3\"
		Release.AspNetCompiler.Updateable = "true"
		Release.AspNetCompiler.ForceOverwrite = "true"
		Release.AspNetCompiler.FixedNames = "false"
		Release.AspNetCompiler.Debug = "False"
		VWDPort = "15705"
		DefaultWebSiteLanguage = "Visual C#"
	EndProjectSection
EndProject
Project("{E24C65DC-7377-472B-9ABA-BC803B73C61A}") = "m-stickers", "m-stickers\", "{86663A3C-0479-4C06-9F68-DC437A51FD35}"
	ProjectSection(WebsiteProperties) = preProject
		TargetFrameworkMoniker = ".NETFramework,Version%3Dv4.0"
		Debug.AspNetCompiler.VirtualPath = "/m-stickers"
		Debug.AspNetCompiler.PhysicalPath = "m-stickers\"
		Debug.AspNetCompiler.TargetPath = "PrecompiledWeb\m-stickers\"
		Debug.AspNetCompiler.Updateable = "true"
		Debug.AspNetCompiler.ForceOverwrite = "true"
		Debug.AspNetCompiler.FixedNames = "false"
		Debug.AspNetCompiler.Debug = "True"
		Release.AspNetCompiler.VirtualPath = "/m-stickers"
		Release.AspNetCompiler.PhysicalPath = "m-stickers\"
		Release.AspNetCompiler.TargetPath = "PrecompiledWeb\m-stickers\"
		Release.AspNetCompiler.Updateable = "true"
		Release.AspNetCompiler.ForceOverwrite = "true"
		Release.AspNetCompiler.FixedNames = "false"
		Release.AspNetCompiler.Debug = "False"
		VWDPort = "3284"
		DefaultWebSiteLanguage = "Visual C#"
	EndProjectSection
EndProject
Project("{E24C65DC-7377-472B-9ABA-BC803B73C61A}") = "m-playlist", "m-playlist\", "{D71DE218-C83C-406A-8208-85FA56E266CB}"
	ProjectSection(WebsiteProperties) = preProject
		TargetFrameworkMoniker = ".NETFramework,Version%3Dv4.0"
		Debug.AspNetCompiler.VirtualPath = "/m-playlist"
		Debug.AspNetCompiler.PhysicalPath = "m-playlist\"
		Debug.AspNetCompiler.TargetPath = "PrecompiledWeb\m-playlist\"
		Debug.AspNetCompiler.Updateable = "true"
		Debug.AspNetCompiler.ForceOverwrite = "true"
		Debug.AspNetCompiler.FixedNames = "false"
		Debug.AspNetCompiler.Debug = "True"
		Release.AspNetCompiler.VirtualPath = "/m-playlist"
		Release.AspNetCompiler.PhysicalPath = "m-playlist\"
		Release.AspNetCompiler.TargetPath = "PrecompiledWeb\m-playlist\"
		Release.AspNetCompiler.Updateable = "true"
		Release.AspNetCompiler.ForceOverwrite = "true"
		Release.AspNetCompiler.FixedNames = "false"
		Release.AspNetCompiler.Debug = "False"
		VWDPort = "47441"
		DefaultWebSiteLanguage = "Visual C#"
	EndProjectSection
EndProject
Project("{E24C65DC-7377-472B-9ABA-BC803B73C61A}") = "m-axia", "m-axia\", "{D9742514-3427-4B8A-A0A8-675A07150E9B}"
	ProjectSection(WebsiteProperties) = preProject
		TargetFrameworkMoniker = ".NETFramework,Version%3Dv4.0"
		Debug.AspNetCompiler.VirtualPath = "/m-axia"
		Debug.AspNetCompiler.PhysicalPath = "m-axia\"
		Debug.AspNetCompiler.TargetPath = "PrecompiledWeb\m-axia\"
		Debug.AspNetCompiler.Updateable = "true"
		Debug.AspNetCompiler.ForceOverwrite = "true"
		Debug.AspNetCompiler.FixedNames = "false"
		Debug.AspNetCompiler.Debug = "True"
		Release.AspNetCompiler.VirtualPath = "/m-axia"
		Release.AspNetCompiler.PhysicalPath = "m-axia\"
		Release.AspNetCompiler.TargetPath = "PrecompiledWeb\m-axia\"
		Release.AspNetCompiler.Updateable = "true"
		Release.AspNetCompiler.ForceOverwrite = "true"
		Release.AspNetCompiler.FixedNames = "false"
		Release.AspNetCompiler.Debug = "False"
		DefaultWebSiteLanguage = "Visual C#"
	EndProjectSection
EndProject
Project("{E24C65DC-7377-472B-9ABA-BC803B73C61A}") = "m-woody", "m-woody\", "{64965694-B35F-4494-B6B4-AC716F0ADBC5}"
	ProjectSection(WebsiteProperties) = preProject
		TargetFrameworkMoniker = ".NETFramework,Version%3Dv4.0"
		Debug.AspNetCompiler.VirtualPath = "/m-woody"
		Debug.AspNetCompiler.PhysicalPath = "m-woody\"
		Debug.AspNetCompiler.TargetPath = "PrecompiledWeb\m-woody\"
		Debug.AspNetCompiler.Updateable = "true"
		Debug.AspNetCompiler.ForceOverwrite = "true"
		Debug.AspNetCompiler.FixedNames = "false"
		Debug.AspNetCompiler.Debug = "True"
		Release.AspNetCompiler.VirtualPath = "/m-woody"
		Release.AspNetCompiler.PhysicalPath = "m-woody\"
		Release.AspNetCompiler.TargetPath = "PrecompiledWeb\m-woody\"
		Release.AspNetCompiler.Updateable = "true"
		Release.AspNetCompiler.ForceOverwrite = "true"
		Release.AspNetCompiler.FixedNames = "false"
		Release.AspNetCompiler.Debug = "False"
		DefaultWebSiteLanguage = "Visual C#"
	EndProjectSection
EndProject
Project("{E24C65DC-7377-472B-9ABA-BC803B73C61A}") = "m-paultrifa", "m-paultrifa\", "{2CAF51C2-D291-4FF1-B7BC-2B230102F4FF}"
	ProjectSection(WebsiteProperties) = preProject
		TargetFrameworkMoniker = ".NETFramework,Version%3Dv4.0"
		Debug.AspNetCompiler.VirtualPath = "/m-paultrifa"
		Debug.AspNetCompiler.PhysicalPath = "m-paultrifa\"
		Debug.AspNetCompiler.TargetPath = "PrecompiledWeb\m-paultrifa\"
		Debug.AspNetCompiler.Updateable = "true"
		Debug.AspNetCompiler.ForceOverwrite = "true"
		Debug.AspNetCompiler.FixedNames = "false"
		Debug.AspNetCompiler.Debug = "True"
		Release.AspNetCompiler.VirtualPath = "/m-paultrifa"
		Release.AspNetCompiler.PhysicalPath = "m-paultrifa\"
		Release.AspNetCompiler.TargetPath = "PrecompiledWeb\m-paultrifa\"
		Release.AspNetCompiler.Updateable = "true"
		Release.AspNetCompiler.ForceOverwrite = "true"
		Release.AspNetCompiler.FixedNames = "false"
		Release.AspNetCompiler.Debug = "False"
		DefaultWebSiteLanguage = "Visual C#"
	EndProjectSection
EndProject
Global
	GlobalSection(SubversionScc) = preSolution
		Svn-Managed = True
		Manager = AnkhSVN - Subversion Support for Visual Studio
	EndGlobalSection
	GlobalSection(SolutionConfigurationPlatforms) = preSolution
		Debug|Any CPU = Debug|Any CPU
		Release|Any CPU = Release|Any CPU
	EndGlobalSection
	GlobalSection(ProjectConfigurationPlatforms) = postSolution
		{11F5BE46-2429-4BA4-8423-000A763EAC13}.Debug|Any CPU.ActiveCfg = Debug|Any CPU
		{11F5BE46-2429-4BA4-8423-000A763EAC13}.Debug|Any CPU.Build.0 = Debug|Any CPU
		{11F5BE46-2429-4BA4-8423-000A763EAC13}.Release|Any CPU.ActiveCfg = Debug|Any CPU
		{11F5BE46-2429-4BA4-8423-000A763EAC13}.Release|Any CPU.Build.0 = Debug|Any CPU
		{1CB0145B-0AC6-44C2-A963-7C13EE4BD0F5}.Debug|Any CPU.ActiveCfg = Debug|Any CPU
		{1CB0145B-0AC6-44C2-A963-7C13EE4BD0F5}.Debug|Any CPU.Build.0 = Debug|Any CPU
		{1CB0145B-0AC6-44C2-A963-7C13EE4BD0F5}.Release|Any CPU.ActiveCfg = Debug|Any CPU
		{1CB0145B-0AC6-44C2-A963-7C13EE4BD0F5}.Release|Any CPU.Build.0 = Debug|Any CPU
		{073015E1-1B3F-4E5A-B5D7-A59B00C95065}.Debug|Any CPU.ActiveCfg = Debug|Any CPU
		{073015E1-1B3F-4E5A-B5D7-A59B00C95065}.Debug|Any CPU.Build.0 = Debug|Any CPU
		{073015E1-1B3F-4E5A-B5D7-A59B00C95065}.Release|Any CPU.ActiveCfg = Debug|Any CPU
		{073015E1-1B3F-4E5A-B5D7-A59B00C95065}.Release|Any CPU.Build.0 = Debug|Any CPU
		{F1867326-9536-4EA2-A3D7-81845955129D}.Debug|Any CPU.ActiveCfg = Debug|Any CPU
		{F1867326-9536-4EA2-A3D7-81845955129D}.Debug|Any CPU.Build.0 = Debug|Any CPU
		{F1867326-9536-4EA2-A3D7-81845955129D}.Release|Any CPU.ActiveCfg = Release|Any CPU
		{F1867326-9536-4EA2-A3D7-81845955129D}.Release|Any CPU.Build.0 = Release|Any CPU
		{2E0130AF-E5B4-4353-AC5B-6801DC38F8E2}.Debug|Any CPU.ActiveCfg = Debug|Any CPU
		{2E0130AF-E5B4-4353-AC5B-6801DC38F8E2}.Debug|Any CPU.Build.0 = Debug|Any CPU
		{2E0130AF-E5B4-4353-AC5B-6801DC38F8E2}.Release|Any CPU.ActiveCfg = Release|Any CPU
		{2E0130AF-E5B4-4353-AC5B-6801DC38F8E2}.Release|Any CPU.Build.0 = Release|Any CPU
		{17A57455-C3F8-4F6A-B28B-645DA7020BA0}.Debug|Any CPU.ActiveCfg = Debug|Any CPU
		{17A57455-C3F8-4F6A-B28B-645DA7020BA0}.Debug|Any CPU.Build.0 = Debug|Any CPU
		{17A57455-C3F8-4F6A-B28B-645DA7020BA0}.Release|Any CPU.ActiveCfg = Debug|Any CPU
		{17A57455-C3F8-4F6A-B28B-645DA7020BA0}.Release|Any CPU.Build.0 = Debug|Any CPU
		{6A249B66-3865-489C-9388-758C83EAAB74}.Debug|Any CPU.ActiveCfg = Debug|Any CPU
		{6A249B66-3865-489C-9388-758C83EAAB74}.Debug|Any CPU.Build.0 = Debug|Any CPU
		{6A249B66-3865-489C-9388-758C83EAAB74}.Release|Any CPU.ActiveCfg = Debug|Any CPU
		{6A249B66-3865-489C-9388-758C83EAAB74}.Release|Any CPU.Build.0 = Debug|Any CPU
		{06FD6B9A-8C25-40A2-8955-8C86F269B75E}.Debug|Any CPU.ActiveCfg = Debug|Any CPU
		{06FD6B9A-8C25-40A2-8955-8C86F269B75E}.Debug|Any CPU.Build.0 = Debug|Any CPU
		{06FD6B9A-8C25-40A2-8955-8C86F269B75E}.Release|Any CPU.ActiveCfg = Debug|Any CPU
		{06FD6B9A-8C25-40A2-8955-8C86F269B75E}.Release|Any CPU.Build.0 = Debug|Any CPU
		{0C84C52F-6031-461B-B0FF-6B37EAFAAD06}.Debug|Any CPU.ActiveCfg = Debug|Any CPU
		{0C84C52F-6031-461B-B0FF-6B37EAFAAD06}.Debug|Any CPU.Build.0 = Debug|Any CPU
		{0C84C52F-6031-461B-B0FF-6B37EAFAAD06}.Release|Any CPU.ActiveCfg = Debug|Any CPU
		{0C84C52F-6031-461B-B0FF-6B37EAFAAD06}.Release|Any CPU.Build.0 = Debug|Any CPU
		{3B6A04C0-DF38-417E-8FD3-D8081D30E97D}.Debug|Any CPU.ActiveCfg = Debug|Any CPU
		{3B6A04C0-DF38-417E-8FD3-D8081D30E97D}.Debug|Any CPU.Build.0 = Debug|Any CPU
		{3B6A04C0-DF38-417E-8FD3-D8081D30E97D}.Release|Any CPU.ActiveCfg = Debug|Any CPU
		{3B6A04C0-DF38-417E-8FD3-D8081D30E97D}.Release|Any CPU.Build.0 = Debug|Any CPU
		{B6450233-AAD5-4027-8455-B23CFE65F601}.Debug|Any CPU.ActiveCfg = Debug|Any CPU
		{B6450233-AAD5-4027-8455-B23CFE65F601}.Debug|Any CPU.Build.0 = Debug|Any CPU
		{B6450233-AAD5-4027-8455-B23CFE65F601}.Release|Any CPU.ActiveCfg = Debug|Any CPU
		{B6450233-AAD5-4027-8455-B23CFE65F601}.Release|Any CPU.Build.0 = Debug|Any CPU
		{33BF7C31-FAA0-4C69-BE97-47D7D74D713E}.Debug|Any CPU.ActiveCfg = Debug|Any CPU
		{33BF7C31-FAA0-4C69-BE97-47D7D74D713E}.Debug|Any CPU.Build.0 = Debug|Any CPU
		{33BF7C31-FAA0-4C69-BE97-47D7D74D713E}.Release|Any CPU.ActiveCfg = Debug|Any CPU
		{33BF7C31-FAA0-4C69-BE97-47D7D74D713E}.Release|Any CPU.Build.0 = Debug|Any CPU
		{435A326F-CAFA-4530-9C6D-A8C05A9CF602}.Debug|Any CPU.ActiveCfg = Debug|Any CPU
		{435A326F-CAFA-4530-9C6D-A8C05A9CF602}.Debug|Any CPU.Build.0 = Debug|Any CPU
		{435A326F-CAFA-4530-9C6D-A8C05A9CF602}.Release|Any CPU.ActiveCfg = Debug|Any CPU
		{435A326F-CAFA-4530-9C6D-A8C05A9CF602}.Release|Any CPU.Build.0 = Debug|Any CPU
		{81F5BD78-77A7-4F13-ABC7-F5729EE25E21}.Debug|Any CPU.ActiveCfg = Debug|Any CPU
		{81F5BD78-77A7-4F13-ABC7-F5729EE25E21}.Debug|Any CPU.Build.0 = Debug|Any CPU
		{81F5BD78-77A7-4F13-ABC7-F5729EE25E21}.Release|Any CPU.ActiveCfg = Debug|Any CPU
		{81F5BD78-77A7-4F13-ABC7-F5729EE25E21}.Release|Any CPU.Build.0 = Debug|Any CPU
		{86663A3C-0479-4C06-9F68-DC437A51FD35}.Debug|Any CPU.ActiveCfg = Debug|Any CPU
		{86663A3C-0479-4C06-9F68-DC437A51FD35}.Debug|Any CPU.Build.0 = Debug|Any CPU
		{86663A3C-0479-4C06-9F68-DC437A51FD35}.Release|Any CPU.ActiveCfg = Debug|Any CPU
		{86663A3C-0479-4C06-9F68-DC437A51FD35}.Release|Any CPU.Build.0 = Debug|Any CPU
		{D71DE218-C83C-406A-8208-85FA56E266CB}.Debug|Any CPU.ActiveCfg = Debug|Any CPU
		{D71DE218-C83C-406A-8208-85FA56E266CB}.Debug|Any CPU.Build.0 = Debug|Any CPU
		{D71DE218-C83C-406A-8208-85FA56E266CB}.Release|Any CPU.ActiveCfg = Debug|Any CPU
		{D71DE218-C83C-406A-8208-85FA56E266CB}.Release|Any CPU.Build.0 = Debug|Any CPU
		{D9742514-3427-4B8A-A0A8-675A07150E9B}.Debug|Any CPU.ActiveCfg = Debug|Any CPU
		{D9742514-3427-4B8A-A0A8-675A07150E9B}.Debug|Any CPU.Build.0 = Debug|Any CPU
		{D9742514-3427-4B8A-A0A8-675A07150E9B}.Release|Any CPU.ActiveCfg = Debug|Any CPU
		{D9742514-3427-4B8A-A0A8-675A07150E9B}.Release|Any CPU.Build.0 = Debug|Any CPU
		{64965694-B35F-4494-B6B4-AC716F0ADBC5}.Debug|Any CPU.ActiveCfg = Debug|Any CPU
		{64965694-B35F-4494-B6B4-AC716F0ADBC5}.Debug|Any CPU.Build.0 = Debug|Any CPU
		{64965694-B35F-4494-B6B4-AC716F0ADBC5}.Release|Any CPU.ActiveCfg = Debug|Any CPU
		{64965694-B35F-4494-B6B4-AC716F0ADBC5}.Release|Any CPU.Build.0 = Debug|Any CPU
		{2CAF51C2-D291-4FF1-B7BC-2B230102F4FF}.Debug|Any CPU.ActiveCfg = Debug|Any CPU
		{2CAF51C2-D291-4FF1-B7BC-2B230102F4FF}.Debug|Any CPU.Build.0 = Debug|Any CPU
		{2CAF51C2-D291-4FF1-B7BC-2B230102F4FF}.Release|Any CPU.ActiveCfg = Debug|Any CPU
		{2CAF51C2-D291-4FF1-B7BC-2B230102F4FF}.Release|Any CPU.Build.0 = Debug|Any CPU
	EndGlobalSection
	GlobalSection(SolutionProperties) = preSolution
		HideSolutionNode = FALSE
	EndGlobalSection
EndGlobal
