
Microsoft Visual Studio Solution File, Format Version 11.00
# Visual Studio 2010
Project("{E24C65DC-7377-472B-9ABA-BC803B73C61A}") = "dossier", "dossier\", "{F5CDB49C-87F3-4D79-8BCA-E08CAB5CFB46}"
	ProjectSection(WebsiteProperties) = preProject
		TargetFrameworkMoniker = ".NETFramework,Version%3Dv4.0"
		Debug.AspNetCompiler.VirtualPath = "/dossier"
		Debug.AspNetCompiler.PhysicalPath = "dossier\"
		Debug.AspNetCompiler.TargetPath = "PrecompiledWeb\dossier\"
		Debug.AspNetCompiler.Updateable = "true"
		Debug.AspNetCompiler.ForceOverwrite = "true"
		Debug.AspNetCompiler.FixedNames = "false"
		Debug.AspNetCompiler.Debug = "True"
		Release.AspNetCompiler.VirtualPath = "/dossier"
		Release.AspNetCompiler.PhysicalPath = "dossier\"
		Release.AspNetCompiler.TargetPath = "PrecompiledWeb\dossier\"
		Release.AspNetCompiler.Updateable = "true"
		Release.AspNetCompiler.ForceOverwrite = "true"
		Release.AspNetCompiler.FixedNames = "false"
		Release.AspNetCompiler.Debug = "False"
		VWDPort = "12650"
		DefaultWebSiteLanguage = "Visual C#"
	EndProjectSection
EndProject
Project("{E24C65DC-7377-472B-9ABA-BC803B73C61A}") = "restaurant", "restaurant\", "{11F5BE46-2429-4BA4-8423-000A763EAC13}"
	ProjectSection(WebsiteProperties) = preProject
		TargetFrameworkMoniker = ".NETFramework,Version%3Dv4.0"
		Debug.AspNetCompiler.VirtualPath = "/restaurant"
		Debug.AspNetCompiler.PhysicalPath = "restaurant\"
		Debug.AspNetCompiler.TargetPath = "PrecompiledWeb\restaurant\"
		Debug.AspNetCompiler.Updateable = "true"
		Debug.AspNetCompiler.ForceOverwrite = "true"
		Debug.AspNetCompiler.FixedNames = "false"
		Debug.AspNetCompiler.Debug = "True"
		Release.AspNetCompiler.VirtualPath = "/restaurant"
		Release.AspNetCompiler.PhysicalPath = "restaurant\"
		Release.AspNetCompiler.TargetPath = "PrecompiledWeb\restaurant\"
		Release.AspNetCompiler.Updateable = "true"
		Release.AspNetCompiler.ForceOverwrite = "true"
		Release.AspNetCompiler.FixedNames = "false"
		Release.AspNetCompiler.Debug = "False"
		DefaultWebSiteLanguage = "Visual C#"
	EndProjectSection
EndProject
Project("{E24C65DC-7377-472B-9ABA-BC803B73C61A}") = "Bingo.com", "Bingo.com\", "{1CB0145B-0AC6-44C2-A963-7C13EE4BD0F5}"
	ProjectSection(WebsiteProperties) = preProject
		TargetFrameworkMoniker = ".NETFramework,Version%3Dv4.0"
		Debug.AspNetCompiler.VirtualPath = "/Bingo.com"
		Debug.AspNetCompiler.PhysicalPath = "Bingo.com\"
		Debug.AspNetCompiler.TargetPath = "PrecompiledWeb\Bingo.com\"
		Debug.AspNetCompiler.Updateable = "true"
		Debug.AspNetCompiler.ForceOverwrite = "true"
		Debug.AspNetCompiler.FixedNames = "false"
		Debug.AspNetCompiler.Debug = "True"
		Release.AspNetCompiler.VirtualPath = "/Bingo.com"
		Release.AspNetCompiler.PhysicalPath = "Bingo.com\"
		Release.AspNetCompiler.TargetPath = "PrecompiledWeb\Bingo.com\"
		Release.AspNetCompiler.Updateable = "true"
		Release.AspNetCompiler.ForceOverwrite = "true"
		Release.AspNetCompiler.FixedNames = "false"
		Release.AspNetCompiler.Debug = "False"
		DefaultWebSiteLanguage = "Visual C#"
	EndProjectSection
EndProject
Project("{E24C65DC-7377-472B-9ABA-BC803B73C61A}") = "html5demo", "html5demo\", "{073015E1-1B3F-4E5A-B5D7-A59B00C95065}"
	ProjectSection(WebsiteProperties) = preProject
		TargetFrameworkMoniker = ".NETFramework,Version%3Dv4.0"
		ProjectReferences = "{F1867326-9536-4EA2-A3D7-81845955129D}|CommonLibrary.dll;"
		Debug.AspNetCompiler.VirtualPath = "/html5demo"
		Debug.AspNetCompiler.PhysicalPath = "html5demo\"
		Debug.AspNetCompiler.TargetPath = "PrecompiledWeb\html5demo\"
		Debug.AspNetCompiler.Updateable = "true"
		Debug.AspNetCompiler.ForceOverwrite = "true"
		Debug.AspNetCompiler.FixedNames = "false"
		Debug.AspNetCompiler.Debug = "True"
		Release.AspNetCompiler.VirtualPath = "/html5demo"
		Release.AspNetCompiler.PhysicalPath = "html5demo\"
		Release.AspNetCompiler.TargetPath = "PrecompiledWeb\html5demo\"
		Release.AspNetCompiler.Updateable = "true"
		Release.AspNetCompiler.ForceOverwrite = "true"
		Release.AspNetCompiler.FixedNames = "false"
		Release.AspNetCompiler.Debug = "False"
		VWDPort = "14973"
		DefaultWebSiteLanguage = "Visual C#"
	EndProjectSection
EndProject
Project("{FAE04EC0-301F-11D3-BF4B-00C04F79EFBC}") = "CommonLibrary", "CommonLibrary\CommonLibrary.csproj", "{F1867326-9536-4EA2-A3D7-81845955129D}"
EndProject
Project("{FAE04EC0-301F-11D3-BF4B-00C04F79EFBC}") = "DBUtility", "DBUtility\DBUtility.csproj", "{2E0130AF-E5B4-4353-AC5B-6801DC38F8E2}"
EndProject
Project("{E24C65DC-7377-472B-9ABA-BC803B73C61A}") = "m-signum", "m-signum\", "{17A57455-C3F8-4F6A-B28B-645DA7020BA0}"
	ProjectSection(WebsiteProperties) = preProject
		TargetFrameworkMoniker = ".NETFramework,Version%3Dv4.0"
		Debug.AspNetCompiler.VirtualPath = "/m-signum"
		Debug.AspNetCompiler.PhysicalPath = "m-signum\"
		Debug.AspNetCompiler.TargetPath = "PrecompiledWeb\m-signum\"
		Debug.AspNetCompiler.Updateable = "true"
		Debug.AspNetCompiler.ForceOverwrite = "true"
		Debug.AspNetCompiler.FixedNames = "false"
		Debug.AspNetCompiler.Debug = "True"
		Release.AspNetCompiler.VirtualPath = "/m-signum"
		Release.AspNetCompiler.PhysicalPath = "m-signum\"
		Release.AspNetCompiler.TargetPath = "PrecompiledWeb\m-signum\"
		Release.AspNetCompiler.Updateable = "true"
		Release.AspNetCompiler.ForceOverwrite = "true"
		Release.AspNetCompiler.FixedNames = "false"
		Release.AspNetCompiler.Debug = "False"
		DefaultWebSiteLanguage = "Visual C#"
	EndProjectSection
EndProject
Project("{E24C65DC-7377-472B-9ABA-BC803B73C61A}") = "m-breathe", "m-breathe\", "{6A249B66-3865-489C-9388-758C83EAAB74}"
	ProjectSection(WebsiteProperties) = preProject
		TargetFrameworkMoniker = ".NETFramework,Version%3Dv4.0"
		Debug.AspNetCompiler.VirtualPath = "/m-breathe"
		Debug.AspNetCompiler.PhysicalPath = "m-breathe\"
		Debug.AspNetCompiler.TargetPath = "PrecompiledWeb\m-breathe\"
		Debug.AspNetCompiler.Updateable = "true"
		Debug.AspNetCompiler.ForceOverwrite = "true"
		Debug.AspNetCompiler.FixedNames = "false"
		Debug.AspNetCompiler.Debug = "True"
		Release.AspNetCompiler.VirtualPath = "/m-breathe"
		Release.AspNetCompiler.PhysicalPath = "m-breathe\"
		Release.AspNetCompiler.TargetPath = "PrecompiledWeb\m-breathe\"
		Release.AspNetCompiler.Updateable = "true"
		Release.AspNetCompiler.ForceOverwrite = "true"
		Release.AspNetCompiler.FixedNames = "false"
		Release.AspNetCompiler.Debug = "False"
		DefaultWebSiteLanguage = "Visual C#"
	EndProjectSection
EndProject
Global
	GlobalSection(SubversionScc) = preSolution
		Svn-Managed = True
		Manager = AnkhSVN - Subversion Support for Visual Studio
	EndGlobalSection
	GlobalSection(SolutionConfigurationPlatforms) = preSolution
		Debug|Any CPU = Debug|Any CPU
		Release|Any CPU = Release|Any CPU
	EndGlobalSection
	GlobalSection(ProjectConfigurationPlatforms) = postSolution
		{F5CDB49C-87F3-4D79-8BCA-E08CAB5CFB46}.Debug|Any CPU.ActiveCfg = Debug|Any CPU
		{F5CDB49C-87F3-4D79-8BCA-E08CAB5CFB46}.Debug|Any CPU.Build.0 = Debug|Any CPU
		{F5CDB49C-87F3-4D79-8BCA-E08CAB5CFB46}.Release|Any CPU.ActiveCfg = Debug|Any CPU
		{F5CDB49C-87F3-4D79-8BCA-E08CAB5CFB46}.Release|Any CPU.Build.0 = Debug|Any CPU
		{11F5BE46-2429-4BA4-8423-000A763EAC13}.Debug|Any CPU.ActiveCfg = Debug|Any CPU
		{11F5BE46-2429-4BA4-8423-000A763EAC13}.Debug|Any CPU.Build.0 = Debug|Any CPU
		{11F5BE46-2429-4BA4-8423-000A763EAC13}.Release|Any CPU.ActiveCfg = Debug|Any CPU
		{11F5BE46-2429-4BA4-8423-000A763EAC13}.Release|Any CPU.Build.0 = Debug|Any CPU
		{1CB0145B-0AC6-44C2-A963-7C13EE4BD0F5}.Debug|Any CPU.ActiveCfg = Debug|Any CPU
		{1CB0145B-0AC6-44C2-A963-7C13EE4BD0F5}.Debug|Any CPU.Build.0 = Debug|Any CPU
		{1CB0145B-0AC6-44C2-A963-7C13EE4BD0F5}.Release|Any CPU.ActiveCfg = Debug|Any CPU
		{1CB0145B-0AC6-44C2-A963-7C13EE4BD0F5}.Release|Any CPU.Build.0 = Debug|Any CPU
		{073015E1-1B3F-4E5A-B5D7-A59B00C95065}.Debug|Any CPU.ActiveCfg = Debug|Any CPU
		{073015E1-1B3F-4E5A-B5D7-A59B00C95065}.Debug|Any CPU.Build.0 = Debug|Any CPU
		{073015E1-1B3F-4E5A-B5D7-A59B00C95065}.Release|Any CPU.ActiveCfg = Debug|Any CPU
		{073015E1-1B3F-4E5A-B5D7-A59B00C95065}.Release|Any CPU.Build.0 = Debug|Any CPU
		{F1867326-9536-4EA2-A3D7-81845955129D}.Debug|Any CPU.ActiveCfg = Debug|Any CPU
		{F1867326-9536-4EA2-A3D7-81845955129D}.Debug|Any CPU.Build.0 = Debug|Any CPU
		{F1867326-9536-4EA2-A3D7-81845955129D}.Release|Any CPU.ActiveCfg = Release|Any CPU
		{F1867326-9536-4EA2-A3D7-81845955129D}.Release|Any CPU.Build.0 = Release|Any CPU
		{2E0130AF-E5B4-4353-AC5B-6801DC38F8E2}.Debug|Any CPU.ActiveCfg = Debug|Any CPU
		{2E0130AF-E5B4-4353-AC5B-6801DC38F8E2}.Debug|Any CPU.Build.0 = Debug|Any CPU
		{2E0130AF-E5B4-4353-AC5B-6801DC38F8E2}.Release|Any CPU.ActiveCfg = Release|Any CPU
		{2E0130AF-E5B4-4353-AC5B-6801DC38F8E2}.Release|Any CPU.Build.0 = Release|Any CPU
		{17A57455-C3F8-4F6A-B28B-645DA7020BA0}.Debug|Any CPU.ActiveCfg = Debug|Any CPU
		{17A57455-C3F8-4F6A-B28B-645DA7020BA0}.Debug|Any CPU.Build.0 = Debug|Any CPU
		{17A57455-C3F8-4F6A-B28B-645DA7020BA0}.Release|Any CPU.ActiveCfg = Debug|Any CPU
		{17A57455-C3F8-4F6A-B28B-645DA7020BA0}.Release|Any CPU.Build.0 = Debug|Any CPU
		{6A249B66-3865-489C-9388-758C83EAAB74}.Debug|Any CPU.ActiveCfg = Debug|Any CPU
		{6A249B66-3865-489C-9388-758C83EAAB74}.Debug|Any CPU.Build.0 = Debug|Any CPU
		{6A249B66-3865-489C-9388-758C83EAAB74}.Release|Any CPU.ActiveCfg = Debug|Any CPU
		{6A249B66-3865-489C-9388-758C83EAAB74}.Release|Any CPU.Build.0 = Debug|Any CPU
	EndGlobalSection
	GlobalSection(SolutionProperties) = preSolution
		HideSolutionNode = FALSE
	EndGlobalSection
EndGlobal
